
Microsoft Visual Studio Solution File, Format Version 12.00
# Visual Studio 2012
Project("{FAE04EC0-301F-11D3-BF4B-00C04F79EFBC}") = "ToDoActivity", "ToDoActivity.csproj", "{B948DE23-759F-4229-BB3E-20EC7FC20A16}"
EndProject
Project("{FAE04EC0-301F-11D3-BF4B-00C04F79EFBC}") = "ToDoActivity.iOS", "iOS\ToDoActivity.iOS.csproj", "{E2DC5E7E-5C82-4CDD-9E11-7641FB38C4C3}"
EndProject
Project("{FAE04EC0-301F-11D3-BF4B-00C04F79EFBC}") = "ToDoActivity.Droid", "Droid\ToDoActivity.Droid.csproj", "{50BA5754-37A3-466D-A64A-E9180F8450A5}"
EndProject
Global
	GlobalSection(SolutionConfigurationPlatforms) = preSolution
		Debug|Any CPU = Debug|Any CPU
		Release|Any CPU = Release|Any CPU
		Debug|iPhoneSimulator = Debug|iPhoneSimulator
		Release|iPhone = Release|iPhone
		Release|iPhoneSimulator = Release|iPhoneSimulator
		Debug|iPhone = Debug|iPhone
	EndGlobalSection
	GlobalSection(ProjectConfigurationPlatforms) = postSolution
		{B948DE23-759F-4229-BB3E-20EC7FC20A16}.Debug|Any CPU.ActiveCfg = Debug|Any CPU
		{B948DE23-759F-4229-BB3E-20EC7FC20A16}.Debug|Any CPU.Build.0 = Debug|Any CPU
		{B948DE23-759F-4229-BB3E-20EC7FC20A16}.Release|Any CPU.ActiveCfg = Release|Any CPU
		{B948DE23-759F-4229-BB3E-20EC7FC20A16}.Release|Any CPU.Build.0 = Release|Any CPU
		{B948DE23-759F-4229-BB3E-20EC7FC20A16}.Debug|iPhoneSimulator.ActiveCfg = Debug|Any CPU
		{B948DE23-759F-4229-BB3E-20EC7FC20A16}.Debug|iPhoneSimulator.Build.0 = Debug|Any CPU
		{B948DE23-759F-4229-BB3E-20EC7FC20A16}.Release|iPhone.ActiveCfg = Release|Any CPU
		{B948DE23-759F-4229-BB3E-20EC7FC20A16}.Release|iPhone.Build.0 = Release|Any CPU
		{B948DE23-759F-4229-BB3E-20EC7FC20A16}.Release|iPhoneSimulator.ActiveCfg = Release|Any CPU
		{B948DE23-759F-4229-BB3E-20EC7FC20A16}.Release|iPhoneSimulator.Build.0 = Release|Any CPU
		{B948DE23-759F-4229-BB3E-20EC7FC20A16}.Debug|iPhone.ActiveCfg = Debug|Any CPU
		{B948DE23-759F-4229-BB3E-20EC7FC20A16}.Debug|iPhone.Build.0 = Debug|Any CPU
		{E2DC5E7E-5C82-4CDD-9E11-7641FB38C4C3}.Debug|Any CPU.ActiveCfg = Debug|iPhoneSimulator
		{E2DC5E7E-5C82-4CDD-9E11-7641FB38C4C3}.Debug|Any CPU.Build.0 = Debug|iPhoneSimulator
		{E2DC5E7E-5C82-4CDD-9E11-7641FB38C4C3}.Release|Any CPU.ActiveCfg = Release|iPhone
		{E2DC5E7E-5C82-4CDD-9E11-7641FB38C4C3}.Release|Any CPU.Build.0 = Release|iPhone
		{E2DC5E7E-5C82-4CDD-9E11-7641FB38C4C3}.Debug|iPhoneSimulator.ActiveCfg = Debug|iPhoneSimulator
		{E2DC5E7E-5C82-4CDD-9E11-7641FB38C4C3}.Debug|iPhoneSimulator.Build.0 = Debug|iPhoneSimulator
		{E2DC5E7E-5C82-4CDD-9E11-7641FB38C4C3}.Release|iPhone.ActiveCfg = Release|iPhone
		{E2DC5E7E-5C82-4CDD-9E11-7641FB38C4C3}.Release|iPhone.Build.0 = Release|iPhone
		{E2DC5E7E-5C82-4CDD-9E11-7641FB38C4C3}.Release|iPhoneSimulator.ActiveCfg = Release|iPhoneSimulator
		{E2DC5E7E-5C82-4CDD-9E11-7641FB38C4C3}.Release|iPhoneSimulator.Build.0 = Release|iPhoneSimulator
		{E2DC5E7E-5C82-4CDD-9E11-7641FB38C4C3}.Debug|iPhone.ActiveCfg = Debug|iPhone
		{E2DC5E7E-5C82-4CDD-9E11-7641FB38C4C3}.Debug|iPhone.Build.0 = Debug|iPhone
		{50BA5754-37A3-466D-A64A-E9180F8450A5}.Debug|Any CPU.ActiveCfg = Debug|Any CPU
		{50BA5754-37A3-466D-A64A-E9180F8450A5}.Debug|Any CPU.Build.0 = Debug|Any CPU
		{50BA5754-37A3-466D-A64A-E9180F8450A5}.Release|Any CPU.ActiveCfg = Release|Any CPU
		{50BA5754-37A3-466D-A64A-E9180F8450A5}.Release|Any CPU.Build.0 = Release|Any CPU
		{50BA5754-37A3-466D-A64A-E9180F8450A5}.Debug|iPhoneSimulator.ActiveCfg = Debug|Any CPU
		{50BA5754-37A3-466D-A64A-E9180F8450A5}.Debug|iPhoneSimulator.Build.0 = Debug|Any CPU
		{50BA5754-37A3-466D-A64A-E9180F8450A5}.Release|iPhone.ActiveCfg = Release|Any CPU
		{50BA5754-37A3-466D-A64A-E9180F8450A5}.Release|iPhone.Build.0 = Release|Any CPU
		{50BA5754-37A3-466D-A64A-E9180F8450A5}.Release|iPhoneSimulator.ActiveCfg = Release|Any CPU
		{50BA5754-37A3-466D-A64A-E9180F8450A5}.Release|iPhoneSimulator.Build.0 = Release|Any CPU
		{50BA5754-37A3-466D-A64A-E9180F8450A5}.Debug|iPhone.ActiveCfg = Debug|Any CPU
		{50BA5754-37A3-466D-A64A-E9180F8450A5}.Debug|iPhone.Build.0 = Debug|Any CPU
	EndGlobalSection
EndGlobal
